
Microsoft Visual Studio Solution File, Format Version 12.00
# Visual Studio Version 17
VisualStudioVersion = 17.4.33205.214
MinimumVisualStudioVersion = 10.0.40219.1
Project("{888888A0-9F3D-457C-B088-3A5042F75D52}") = "PythonLesson", "..\..\..\OneDrive\Masaüstü\BTE514\PythonLesson.pyproj", "{C2879F04-67C9-4ED0-8F7D-243E4853A211}"
EndProject
Global
	GlobalSection(SolutionConfigurationPlatforms) = preSolution
		Debug|Any CPU = Debug|Any CPU
		Release|Any CPU = Release|Any CPU
	EndGlobalSection
	GlobalSection(ProjectConfigurationPlatforms) = postSolution
		{C2879F04-67C9-4ED0-8F7D-243E4853A211}.Debug|Any CPU.ActiveCfg = Debug|Any CPU
		{C2879F04-67C9-4ED0-8F7D-243E4853A211}.Release|Any CPU.ActiveCfg = Release|Any CPU
	EndGlobalSection
	GlobalSection(SolutionProperties) = preSolution
		HideSolutionNode = FALSE
	EndGlobalSection
	GlobalSection(ExtensibilityGlobals) = postSolution
		SolutionGuid = {826975CF-962B-4969-B81D-B56141491EB3}
	EndGlobalSection
EndGlobal
